
Microsoft Visual Studio Solution File, Format Version 12.00
# Visual Studio Version 16
VisualStudioVersion = 16.0.28922.388
MinimumVisualStudioVersion = 10.0.40219.1
Project("{FAE04EC0-301F-11D3-BF4B-00C04F79EFBC}") = "Sistema.Entidades", "Sistema.Entidades\Sistema.Entidades.csproj", "{686098AD-4D33-46D9-9B02-EBA49C2A14F4}"
EndProject
Project("{FAE04EC0-301F-11D3-BF4B-00C04F79EFBC}") = "Sistema.Datos", "Sistema.Datos\Sistema.Datos.csproj", "{DB1E48B1-4FCB-473C-88CA-CDF0BA19D32C}"
EndProject
Project("{FAE04EC0-301F-11D3-BF4B-00C04F79EFBC}") = "Sistema.Web", "Sistema.Web\Sistema.Web.csproj", "{995657CB-C4BE-4F0C-BB37-5BB793A9D66B}"
EndProject
Global
	GlobalSection(SolutionConfigurationPlatforms) = preSolution
		Debug|Any CPU = Debug|Any CPU
		Release|Any CPU = Release|Any CPU
	EndGlobalSection
	GlobalSection(ProjectConfigurationPlatforms) = postSolution
		{686098AD-4D33-46D9-9B02-EBA49C2A14F4}.Debug|Any CPU.ActiveCfg = Debug|Any CPU
		{686098AD-4D33-46D9-9B02-EBA49C2A14F4}.Debug|Any CPU.Build.0 = Debug|Any CPU
		{686098AD-4D33-46D9-9B02-EBA49C2A14F4}.Release|Any CPU.ActiveCfg = Release|Any CPU
		{686098AD-4D33-46D9-9B02-EBA49C2A14F4}.Release|Any CPU.Build.0 = Release|Any CPU
		{DB1E48B1-4FCB-473C-88CA-CDF0BA19D32C}.Debug|Any CPU.ActiveCfg = Debug|Any CPU
		{DB1E48B1-4FCB-473C-88CA-CDF0BA19D32C}.Debug|Any CPU.Build.0 = Debug|Any CPU
		{DB1E48B1-4FCB-473C-88CA-CDF0BA19D32C}.Release|Any CPU.ActiveCfg = Release|Any CPU
		{DB1E48B1-4FCB-473C-88CA-CDF0BA19D32C}.Release|Any CPU.Build.0 = Release|Any CPU
		{995657CB-C4BE-4F0C-BB37-5BB793A9D66B}.Debug|Any CPU.ActiveCfg = Debug|Any CPU
		{995657CB-C4BE-4F0C-BB37-5BB793A9D66B}.Debug|Any CPU.Build.0 = Debug|Any CPU
		{995657CB-C4BE-4F0C-BB37-5BB793A9D66B}.Release|Any CPU.ActiveCfg = Release|Any CPU
		{995657CB-C4BE-4F0C-BB37-5BB793A9D66B}.Release|Any CPU.Build.0 = Release|Any CPU
	EndGlobalSection
	GlobalSection(SolutionProperties) = preSolution
		HideSolutionNode = FALSE
	EndGlobalSection
	GlobalSection(ExtensibilityGlobals) = postSolution
		SolutionGuid = {29F48592-2915-4939-AFCE-12F3CE976CC3}
	EndGlobalSection
EndGlobal
